dependencies:
- name: mongodb
  repository: https://charts.bitnami.com/bitnami
  version: 10.3.7
- name: rabbitmq
  repository: https://charts.bitnami.com/bitnami
  version: 8.6.4
- name: user-service
  repository: https://ikenom.github.io/user-service
  version: 0.0.19
- name: shopify-service
  repository: https://ikenom.github.io/shopify-service
  version: 0.0.20
digest: sha256:f3e2ef1c868922fb50808e0067ba0f29b591004141aa8be8c1f6f9ca54d3bc49
generated: "2021-02-18T22:04:59.925134-05:00"
