dependencies:
- name: mongodb
  repository: https://charts.bitnami.com/bitnami
  version: 10.3.7
- name: rabbitmq
  repository: https://charts.bitnami.com/bitnami
  version: 8.6.4
- name: user-service
  repository: https://ikenom.github.io/user-service
  version: 0.0.24
- name: shopify-service
  repository: https://ikenom.github.io/shopify-service
  version: 0.0.25
digest: sha256:ab28c490a473434f1f6d9a19718abe7bdb616f721e2014c0d201a3ec338a5d91
generated: "2021-03-05T00:07:18.555151-05:00"
