dependencies:
- name: mongodb
  repository: https://charts.bitnami.com/bitnami
  version: 10.3.7
- name: rabbitmq
  repository: https://charts.bitnami.com/bitnami
  version: 8.6.4
- name: user-service
  repository: https://ikenom.github.io/user-service
  version: 0.0.17
- name: shopify-service
  repository: https://ikenom.github.io/shopify-service
  version: 0.0.17
digest: sha256:30696adbd09865e3a0ec8f2c9a98307d43bce4a0928d01bca779210299db0711
generated: "2021-02-15T14:43:32.618956-05:00"
